
Microsoft Visual Studio Solution File, Format Version 12.00
# Visual Studio 14
VisualStudioVersion = 14.0.24720.0
MinimumVisualStudioVersion = 10.0.40219.1
Project("{8BC9CEB8-8B4A-11D0-8D11-00A0C91BC942}") = "Rozdział 15 Listing 15.14-15 sales", "Rozdział 15 Listing 15.14-15 sales\Rozdział 15 Listing 15.14-15 sales.vcxproj", "{86CE3F5D-AE4A-4A34-87C6-C31DA2A70D59}"
EndProject
Global
	GlobalSection(SolutionConfigurationPlatforms) = preSolution
		Debug|x64 = Debug|x64
		Debug|x86 = Debug|x86
		Release|x64 = Release|x64
		Release|x86 = Release|x86
	EndGlobalSection
	GlobalSection(ProjectConfigurationPlatforms) = postSolution
		{86CE3F5D-AE4A-4A34-87C6-C31DA2A70D59}.Debug|x64.ActiveCfg = Debug|x64
		{86CE3F5D-AE4A-4A34-87C6-C31DA2A70D59}.Debug|x64.Build.0 = Debug|x64
		{86CE3F5D-AE4A-4A34-87C6-C31DA2A70D59}.Debug|x86.ActiveCfg = Debug|Win32
		{86CE3F5D-AE4A-4A34-87C6-C31DA2A70D59}.Debug|x86.Build.0 = Debug|Win32
		{86CE3F5D-AE4A-4A34-87C6-C31DA2A70D59}.Release|x64.ActiveCfg = Release|x64
		{86CE3F5D-AE4A-4A34-87C6-C31DA2A70D59}.Release|x64.Build.0 = Release|x64
		{86CE3F5D-AE4A-4A34-87C6-C31DA2A70D59}.Release|x86.ActiveCfg = Release|Win32
		{86CE3F5D-AE4A-4A34-87C6-C31DA2A70D59}.Release|x86.Build.0 = Release|Win32
	EndGlobalSection
	GlobalSection(SolutionProperties) = preSolution
		HideSolutionNode = FALSE
	EndGlobalSection
EndGlobal
