<?xml version="1.0" encoding="utf-8"?>
<Project ToolsVersion="4.0" xmlns="http://schemas.microsoft.com/developer/msbuild/2003">
  <ItemGroup>
    <Filter Include="Source Files">
      <UniqueIdentifier>{4FC737F1-C7A5-4376-A066-2A32D752A2FF}</UniqueIdentifier>
      <Extensions>cpp;c;cc;cxx;def;odl;idl;hpj;bat;asm;asmx</Extensions>
    </Filter>
    <Filter Include="Header Files">
      <UniqueIdentifier>{93995380-89BD-4b04-88EB-625FBE52EBFB}</UniqueIdentifier>
      <Extensions>h;hh;hpp;hxx;hm;inl;inc;xsd</Extensions>
    </Filter>
    <Filter Include="Resource Files">
      <UniqueIdentifier>{67DA6AB6-F800-4c08-8B7A-83BB121AAD01}</UniqueIdentifier>
      <Extensions>rc;ico;cur;bmp;dlg;rc2;rct;bin;rgs;gif;jpg;jpeg;jpe;resx;tiff;tif;png;wav;mfcribbon-ms</Extensions>
    </Filter>
  </ItemGroup>
  <ItemGroup>
    <ClInclude Include="AlgorytmNumeryczny.h">
      <Filter>Header Files</Filter>
    </ClInclude>
    <ClInclude Include="Pochodna.h">
      <Filter>Header Files</Filter>
    </ClInclude>
    <ClInclude Include="MiejscaZerowe.h">
      <Filter>Header Files</Filter>
    </ClInclude>
    <ClInclude Include="Funkcja.h">
      <Filter>Header Files</Filter>
    </ClInclude>
    <ClInclude Include="FunkcjaLiniowa.h">
      <Filter>Header Files</Filter>
    </ClInclude>
    <ClInclude Include="Sinus.h">
      <Filter>Header Files</Filter>
    </ClInclude>
    <ClInclude Include="Cosinus.h">
      <Filter>Header Files</Filter>
    </ClInclude>
    <ClInclude Include="FunkcjaKwadratowa.h">
      <Filter>Header Files</Filter>
    </ClInclude>
  </ItemGroup>
  <ItemGroup>
    <ClCompile Include="AlgorytmNumeryczny.cpp">
      <Filter>Source Files</Filter>
    </ClCompile>
    <ClCompile Include="Pochodna.cpp">
      <Filter>Source Files</Filter>
    </ClCompile>
    <ClCompile Include="MiejscaZerowe.cpp">
      <Filter>Source Files</Filter>
    </ClCompile>
    <ClCompile Include="main.cpp">
      <Filter>Source Files</Filter>
    </ClCompile>
    <ClCompile Include="Funkcja.cpp">
      <Filter>Source Files</Filter>
    </ClCompile>
    <ClCompile Include="FunkcjaLiniowa.cpp">
      <Filter>Source Files</Filter>
    </ClCompile>
    <ClCompile Include="Sinus.cpp">
      <Filter>Source Files</Filter>
    </ClCompile>
    <ClCompile Include="Cosinus.cpp">
      <Filter>Source Files</Filter>
    </ClCompile>
    <ClCompile Include="FunkcjaKwadratowa.cpp">
      <Filter>Source Files</Filter>
    </ClCompile>
  </ItemGroup>
</Project>