
Microsoft Visual Studio Solution File, Format Version 12.00
# Visual Studio 14
VisualStudioVersion = 14.0.24720.0
MinimumVisualStudioVersion = 10.0.40219.1
Project("{8BC9CEB8-8B4A-11D0-8D11-00A0C91BC942}") = "Rozdział 6 Listing 6.7 not", "Rozdział 6 Listing 6.7 not\Rozdział 6 Listing 6.7 not.vcxproj", "{05B9A135-1A4A-41D5-A48D-8A85F9F29507}"
EndProject
Global
	GlobalSection(SolutionConfigurationPlatforms) = preSolution
		Debug|x64 = Debug|x64
		Debug|x86 = Debug|x86
		Release|x64 = Release|x64
		Release|x86 = Release|x86
	EndGlobalSection
	GlobalSection(ProjectConfigurationPlatforms) = postSolution
		{05B9A135-1A4A-41D5-A48D-8A85F9F29507}.Debug|x64.ActiveCfg = Debug|x64
		{05B9A135-1A4A-41D5-A48D-8A85F9F29507}.Debug|x64.Build.0 = Debug|x64
		{05B9A135-1A4A-41D5-A48D-8A85F9F29507}.Debug|x86.ActiveCfg = Debug|Win32
		{05B9A135-1A4A-41D5-A48D-8A85F9F29507}.Debug|x86.Build.0 = Debug|Win32
		{05B9A135-1A4A-41D5-A48D-8A85F9F29507}.Release|x64.ActiveCfg = Release|x64
		{05B9A135-1A4A-41D5-A48D-8A85F9F29507}.Release|x64.Build.0 = Release|x64
		{05B9A135-1A4A-41D5-A48D-8A85F9F29507}.Release|x86.ActiveCfg = Release|Win32
		{05B9A135-1A4A-41D5-A48D-8A85F9F29507}.Release|x86.Build.0 = Release|Win32
	EndGlobalSection
	GlobalSection(SolutionProperties) = preSolution
		HideSolutionNode = FALSE
	EndGlobalSection
EndGlobal
